
Microsoft Visual Studio Solution File, Format Version 12.00
# Visual Studio Version 17
VisualStudioVersion = 17.3.32811.315
MinimumVisualStudioVersion = 10.0.40219.1
Project("{FAE04EC0-301F-11D3-BF4B-00C04F79EFBC}") = "ExercicioFormas", "ExercicioFormas\ExercicioFormas.csproj", "{63C491DE-8EF3-4E4B-AED0-FECBB74355B6}"
EndProject
Global
	GlobalSection(SolutionConfigurationPlatforms) = preSolution
		Debug|Any CPU = Debug|Any CPU
		Release|Any CPU = Release|Any CPU
	EndGlobalSection
	GlobalSection(ProjectConfigurationPlatforms) = postSolution
		{63C491DE-8EF3-4E4B-AED0-FECBB74355B6}.Debug|Any CPU.ActiveCfg = Debug|Any CPU
		{63C491DE-8EF3-4E4B-AED0-FECBB74355B6}.Debug|Any CPU.Build.0 = Debug|Any CPU
		{63C491DE-8EF3-4E4B-AED0-FECBB74355B6}.Release|Any CPU.ActiveCfg = Release|Any CPU
		{63C491DE-8EF3-4E4B-AED0-FECBB74355B6}.Release|Any CPU.Build.0 = Release|Any CPU
	EndGlobalSection
	GlobalSection(SolutionProperties) = preSolution
		HideSolutionNode = FALSE
	EndGlobalSection
	GlobalSection(ExtensibilityGlobals) = postSolution
		SolutionGuid = {132E90E3-A7E1-4FBD-8219-6FBBD9E7F08F}
	EndGlobalSection
EndGlobal
